// !$*UTF8*$!
{
	archiveVersion = 1;
	classes = {
	};
	objectVersion = 50;
	objects = {

/* Begin PBXBuildFile section */
		BA01B0E822A6983300B1FFBB /* AppDelegate.swift in Sources */ = {isa = PBXBuildFile; fileRef = BA01B0E722A6983300B1FFBB /* AppDelegate.swift */; };
		BA01B0EA22A6983300B1FFBB /* SceneDelegate.swift in Sources */ = {isa = PBXBuildFile; fileRef = BA01B0E922A6983300B1FFBB /* SceneDelegate.swift */; };
		BA01B0EC22A6983300B1FFBB /* LandmarkDetail.swift in Sources */ = {isa = PBXBuildFile; fileRef = BA01B0EB22A6983300B1FFBB /* LandmarkDetail.swift */; };
		BA01B0EE22A6983400B1FFBB /* Assets.xcassets in Resources */ = {isa = PBXBuildFile; fileRef = BA01B0ED22A6983400B1FFBB /* Assets.xcassets */; };
		BA01B0F122A6983400B1FFBB /* Preview Assets.xcassets in Resources */ = {isa = PBXBuildFile; fileRef = BA01B0F022A6983400B1FFBB /* Preview Assets.xcassets */; };
		BA01B0F422A6983400B1FFBB /* LaunchScreen.storyboard in Resources */ = {isa = PBXBuildFile; fileRef = BA01B0F222A6983400B1FFBB /* LaunchScreen.storyboard */; };
		BA01B0FF22A6983500B1FFBB /* LandmarksTests.swift in Sources */ = {isa = PBXBuildFile; fileRef = BA01B0FE22A6983500B1FFBB /* LandmarksTests.swift */; };
		BA01B10A22A6983500B1FFBB /* LandmarksUITests.swift in Sources */ = {isa = PBXBuildFile; fileRef = BA01B10922A6983500B1FFBB /* LandmarksUITests.swift */; };
		BA01B11822A69EA300B1FFBB /* CircleImage.swift in Sources */ = {isa = PBXBuildFile; fileRef = BA01B11722A69EA300B1FFBB /* CircleImage.swift */; };
		BA01B11A22A6A14A00B1FFBB /* MapView.swift in Sources */ = {isa = PBXBuildFile; fileRef = BA01B11922A6A14A00B1FFBB /* MapView.swift */; };
		BA05571222BAE24300E51F3C /* charleyrivers.jpg in Resources */ = {isa = PBXBuildFile; fileRef = BA05571122BAE24200E51F3C /* charleyrivers.jpg */; };
		BA41332F22A9C585000B13FD /* turtlerock.jpg in Resources */ = {isa = PBXBuildFile; fileRef = BA41332322A9C583000B13FD /* turtlerock.jpg */; };
		BA41333022A9C585000B13FD /* twinlake.jpg in Resources */ = {isa = PBXBuildFile; fileRef = BA41332422A9C583000B13FD /* twinlake.jpg */; };
		BA41333122A9C585000B13FD /* silversalmoncreek.jpg in Resources */ = {isa = PBXBuildFile; fileRef = BA41332522A9C584000B13FD /* silversalmoncreek.jpg */; };
		BA41333222A9C585000B13FD /* chilkoottrail.jpg in Resources */ = {isa = PBXBuildFile; fileRef = BA41332622A9C584000B13FD /* chilkoottrail.jpg */; };
		BA41333422A9C585000B13FD /* stmarylake.jpg in Resources */ = {isa = PBXBuildFile; fileRef = BA41332822A9C584000B13FD /* stmarylake.jpg */; };
		BA41333522A9C585000B13FD /* lakemcdonald.jpg in Resources */ = {isa = PBXBuildFile; fileRef = BA41332922A9C584000B13FD /* lakemcdonald.jpg */; };
		BA41333622A9C585000B13FD /* hiddenlake.jpg in Resources */ = {isa = PBXBuildFile; fileRef = BA41332A22A9C584000B13FD /* hiddenlake.jpg */; };
		BA41333722A9C585000B13FD /* icybay.jpg in Resources */ = {isa = PBXBuildFile; fileRef = BA41332B22A9C584000B13FD /* icybay.jpg */; };
		BA41333822A9C585000B13FD /* chincoteague.jpg in Resources */ = {isa = PBXBuildFile; fileRef = BA41332C22A9C584000B13FD /* chincoteague.jpg */; };
		BA41333922A9C585000B13FD /* umbagog.jpg in Resources */ = {isa = PBXBuildFile; fileRef = BA41332D22A9C585000B13FD /* umbagog.jpg */; };
		BA41333A22A9C585000B13FD /* rainbowlake.jpg in Resources */ = {isa = PBXBuildFile; fileRef = BA41332E22A9C585000B13FD /* rainbowlake.jpg */; };
		BA41333C22A9C683000B13FD /* Data.swift in Sources */ = {isa = PBXBuildFile; fileRef = BA41333B22A9C683000B13FD /* Data.swift */; };
		BA41333F22ADD7A2000B13FD /* LandmarkRow.swift in Sources */ = {isa = PBXBuildFile; fileRef = BA41333E22ADD7A2000B13FD /* LandmarkRow.swift */; };
		BA86FBAB22C198200025BBD0 /* HexagonParameters.swift in Sources */ = {isa = PBXBuildFile; fileRef = BA86FBAA22C198200025BBD0 /* HexagonParameters.swift */; };
		BA86FBAD22C198480025BBD0 /* Badge.swift in Sources */ = {isa = PBXBuildFile; fileRef = BA86FBAC22C198480025BBD0 /* Badge.swift */; };
		BA86FBAF22C1A0160025BBD0 /* BadgeBackground.swift in Sources */ = {isa = PBXBuildFile; fileRef = BA86FBAE22C1A0160025BBD0 /* BadgeBackground.swift */; };
		BA86FBB122C1A0AD0025BBD0 /* BadgeSymbol.swift in Sources */ = {isa = PBXBuildFile; fileRef = BA86FBB022C1A0AD0025BBD0 /* BadgeSymbol.swift */; };
		BA8C1D2322BD78BB005D9662 /* UserData.swift in Sources */ = {isa = PBXBuildFile; fileRef = BA8C1D2222BD78BB005D9662 /* UserData.swift */; };
		BAA1D88922C412FA00F8BED0 /* RotatedBadgeSymbol.swift in Sources */ = {isa = PBXBuildFile; fileRef = BAA1D88822C412FA00F8BED0 /* RotatedBadgeSymbol.swift */; };
		BADFB55A22B5274200452A48 /* LandmarkList.swift in Sources */ = {isa = PBXBuildFile; fileRef = BADFB55922B5274200452A48 /* LandmarkList.swift */; };
		BAF5442722A974DF00D42D4A /* Landmark.swift in Sources */ = {isa = PBXBuildFile; fileRef = BAF5442622A974DF00D42D4A /* Landmark.swift */; };
		BAF5442922A9770300D42D4A /* landmarkData.json in Resources */ = {isa = PBXBuildFile; fileRef = BAF5442822A9770300D42D4A /* landmarkData.json */; };
/* End PBXBuildFile section */

/* Begin PBXContainerItemProxy section */
		BA01B0FB22A6983500B1FFBB /* PBXContainerItemProxy */ = {
			isa = PBXContainerItemProxy;
			containerPortal = BA01B0DC22A6983300B1FFBB /* Project object */;
			proxyType = 1;
			remoteGlobalIDString = BA01B0E322A6983300B1FFBB;
			remoteInfo = Landmarks;
		};
		BA01B10622A6983500B1FFBB /* PBXContainerItemProxy */ = {
			isa = PBXContainerItemProxy;
			containerPortal = BA01B0DC22A6983300B1FFBB /* Project object */;
			proxyType = 1;
			remoteGlobalIDString = BA01B0E322A6983300B1FFBB;
			remoteInfo = Landmarks;
		};
/* End PBXContainerItemProxy section */

/* Begin PBXFileReference section */
		BA01B0E422A6983300B1FFBB /* Landmarks.app */ = {isa = PBXFileReference; explicitFileType = wrapper.application; includeInIndex = 0; path = Landmarks.app; sourceTree = BUILT_PRODUCTS_DIR; };
		BA01B0E722A6983300B1FFBB /* AppDelegate.swift */ = {isa = PBXFileReference; lastKnownFileType = sourcecode.swift; path = AppDelegate.swift; sourceTree = "<group>"; };
		BA01B0E922A6983300B1FFBB /* SceneDelegate.swift */ = {isa = PBXFileReference; lastKnownFileType = sourcecode.swift; path = SceneDelegate.swift; sourceTree = "<group>"; };
		BA01B0EB22A6983300B1FFBB /* LandmarkDetail.swift */ = {isa = PBXFileReference; lastKnownFileType = sourcecode.swift; path = LandmarkDetail.swift; sourceTree = "<group>"; };
		BA01B0ED22A6983400B1FFBB /* Assets.xcassets */ = {isa = PBXFileReference; lastKnownFileType = folder.assetcatalog; path = Assets.xcassets; sourceTree = "<group>"; };
		BA01B0F022A6983400B1FFBB /* Preview Assets.xcassets */ = {isa = PBXFileReference; lastKnownFileType = folder.assetcatalog; path = "Preview Assets.xcassets"; sourceTree = "<group>"; };
		BA01B0F322A6983400B1FFBB /* Base */ = {isa = PBXFileReference; lastKnownFileType = file.storyboard; name = Base; path = Base.lproj/LaunchScreen.storyboard; sourceTree = "<group>"; };
		BA01B0F522A6983400B1FFBB /* Info.plist */ = {isa = PBXFileReference; lastKnownFileType = text.plist.xml; path = Info.plist; sourceTree = "<group>"; };
		BA01B0FA22A6983500B1FFBB /* LandmarksTests.xctest */ = {isa = PBXFileReference; explicitFileType = wrapper.cfbundle; includeInIndex = 0; path = LandmarksTests.xctest; sourceTree = BUILT_PRODUCTS_DIR; };
		BA01B0FE22A6983500B1FFBB /* LandmarksTests.swift */ = {isa = PBXFileReference; lastKnownFileType = sourcecode.swift; path = LandmarksTests.swift; sourceTree = "<group>"; };
		BA01B10022A6983500B1FFBB /* Info.plist */ = {isa = PBXFileReference; lastKnownFileType = text.plist.xml; path = Info.plist; sourceTree = "<group>"; };
		BA01B10522A6983500B1FFBB /* LandmarksUITests.xctest */ = {isa = PBXFileReference; explicitFileType = wrapper.cfbundle; includeInIndex = 0; path = LandmarksUITests.xctest; sourceTree = BUILT_PRODUCTS_DIR; };
		BA01B10922A6983500B1FFBB /* LandmarksUITests.swift */ = {isa = PBXFileReference; lastKnownFileType = sourcecode.swift; path = LandmarksUITests.swift; sourceTree = "<group>"; };
		BA01B10B22A6983500B1FFBB /* Info.plist */ = {isa = PBXFileReference; lastKnownFileType = text.plist.xml; path = Info.plist; sourceTree = "<group>"; };
		BA01B11722A69EA300B1FFBB /* CircleImage.swift */ = {isa = PBXFileReference; lastKnownFileType = sourcecode.swift; path = CircleImage.swift; sourceTree = "<group>"; };
		BA01B11922A6A14A00B1FFBB /* MapView.swift */ = {isa = PBXFileReference; lastKnownFileType = sourcecode.swift; path = MapView.swift; sourceTree = "<group>"; };
		BA05571122BAE24200E51F3C /* charleyrivers.jpg */ = {isa = PBXFileReference; lastKnownFileType = image.jpeg; path = charleyrivers.jpg; sourceTree = "<group>"; };
		BA41332322A9C583000B13FD /* turtlerock.jpg */ = {isa = PBXFileReference; lastKnownFileType = image.jpeg; path = turtlerock.jpg; sourceTree = "<group>"; };
		BA41332422A9C583000B13FD /* twinlake.jpg */ = {isa = PBXFileReference; lastKnownFileType = image.jpeg; path = twinlake.jpg; sourceTree = "<group>"; };
		BA41332522A9C584000B13FD /* silversalmoncreek.jpg */ = {isa = PBXFileReference; lastKnownFileType = image.jpeg; path = silversalmoncreek.jpg; sourceTree = "<group>"; };
		BA41332622A9C584000B13FD /* chilkoottrail.jpg */ = {isa = PBXFileReference; lastKnownFileType = image.jpeg; path = chilkoottrail.jpg; sourceTree = "<group>"; };
		BA41332822A9C584000B13FD /* stmarylake.jpg */ = {isa = PBXFileReference; lastKnownFileType = image.jpeg; path = stmarylake.jpg; sourceTree = "<group>"; };
		BA41332922A9C584000B13FD /* lakemcdonald.jpg */ = {isa = PBXFileReference; lastKnownFileType = image.jpeg; path = lakemcdonald.jpg; sourceTree = "<group>"; };
		BA41332A22A9C584000B13FD /* hiddenlake.jpg */ = {isa = PBXFileReference; lastKnownFileType = image.jpeg; path = hiddenlake.jpg; sourceTree = "<group>"; };
		BA41332B22A9C584000B13FD /* icybay.jpg */ = {isa = PBXFileReference; lastKnownFileType = image.jpeg; path = icybay.jpg; sourceTree = "<group>"; };
		BA41332C22A9C584000B13FD /* chincoteague.jpg */ = {isa = PBXFileReference; lastKnownFileType = image.jpeg; path = chincoteague.jpg; sourceTree = "<group>"; };
		BA41332D22A9C585000B13FD /* umbagog.jpg */ = {isa = PBXFileReference; lastKnownFileType = image.jpeg; path = umbagog.jpg; sourceTree = "<group>"; };
		BA41332E22A9C585000B13FD /* rainbowlake.jpg */ = {isa = PBXFileReference; lastKnownFileType = image.jpeg; path = rainbowlake.jpg; sourceTree = "<group>"; };
		BA41333B22A9C683000B13FD /* Data.swift */ = {isa = PBXFileReference; lastKnownFileType = sourcecode.swift; path = Data.swift; sourceTree = "<group>"; };
		BA41333E22ADD7A2000B13FD /* LandmarkRow.swift */ = {isa = PBXFileReference; lastKnownFileType = sourcecode.swift; path = LandmarkRow.swift; sourceTree = "<group>"; };
		BA86FBAA22C198200025BBD0 /* HexagonParameters.swift */ = {isa = PBXFileReference; fileEncoding = 4; lastKnownFileType = sourcecode.swift; path = HexagonParameters.swift; sourceTree = "<group>"; };
		BA86FBAC22C198480025BBD0 /* Badge.swift */ = {isa = PBXFileReference; lastKnownFileType = sourcecode.swift; path = Badge.swift; sourceTree = "<group>"; };
		BA86FBAE22C1A0160025BBD0 /* BadgeBackground.swift */ = {isa = PBXFileReference; lastKnownFileType = sourcecode.swift; path = BadgeBackground.swift; sourceTree = "<group>"; };
		BA86FBB022C1A0AD0025BBD0 /* BadgeSymbol.swift */ = {isa = PBXFileReference; lastKnownFileType = sourcecode.swift; path = BadgeSymbol.swift; sourceTree = "<group>"; };
		BA8C1D2222BD78BB005D9662 /* UserData.swift */ = {isa = PBXFileReference; lastKnownFileType = sourcecode.swift; path = UserData.swift; sourceTree = "<group>"; };
		BAA1D88822C412FA00F8BED0 /* RotatedBadgeSymbol.swift */ = {isa = PBXFileReference; lastKnownFileType = sourcecode.swift; path = RotatedBadgeSymbol.swift; sourceTree = "<group>"; };
		BADFB55922B5274200452A48 /* LandmarkList.swift */ = {isa = PBXFileReference; lastKnownFileType = sourcecode.swift; path = LandmarkList.swift; sourceTree = "<group>"; };
		BAF5442622A974DF00D42D4A /* Landmark.swift */ = {isa = PBXFileReference; lastKnownFileType = sourcecode.swift; path = Landmark.swift; sourceTree = "<group>"; };
		BAF5442822A9770300D42D4A /* landmarkData.json */ = {isa = PBXFileReference; lastKnownFileType = text.json; path = landmarkData.json; sourceTree = "<group>"; };
/* End PBXFileReference section */

/* Begin PBXFrameworksBuildPhase section */
		BA01B0E122A6983300B1FFBB /* Frameworks */ = {
			isa = PBXFrameworksBuildPhase;
			buildActionMask = 2147483647;
			files = (
			);
			runOnlyForDeploymentPostprocessing = 0;
		};
		BA01B0F722A6983500B1FFBB /* Frameworks */ = {
			isa = PBXFrameworksBuildPhase;
			buildActionMask = 2147483647;
			files = (
			);
			runOnlyForDeploymentPostprocessing = 0;
		};
		BA01B10222A6983500B1FFBB /* Frameworks */ = {
			isa = PBXFrameworksBuildPhase;
			buildActionMask = 2147483647;
			files = (
			);
			runOnlyForDeploymentPostprocessing = 0;
		};
/* End PBXFrameworksBuildPhase section */

/* Begin PBXGroup section */
		BA01B0DB22A6983300B1FFBB = {
			isa = PBXGroup;
			children = (
				BADFB55B22B8050700452A48 /* Supporting Views */,
				BA41332222A9C554000B13FD /* Resources */,
				BA41333D22A9C731000B13FD /* Models */,
				BA01B0E622A6983300B1FFBB /* Landmarks */,
				BA01B0FD22A6983500B1FFBB /* LandmarksTests */,
				BA01B10822A6983500B1FFBB /* LandmarksUITests */,
				BA01B0E522A6983300B1FFBB /* Products */,
				BA86FBB022C1A0AD0025BBD0 /* BadgeSymbol.swift */,
				BAA1D88822C412FA00F8BED0 /* RotatedBadgeSymbol.swift */,
			);
			sourceTree = "<group>";
		};
		BA01B0E522A6983300B1FFBB /* Products */ = {
			isa = PBXGroup;
			children = (
				BA01B0E422A6983300B1FFBB /* Landmarks.app */,
				BA01B0FA22A6983500B1FFBB /* LandmarksTests.xctest */,
				BA01B10522A6983500B1FFBB /* LandmarksUITests.xctest */,
			);
			name = Products;
			sourceTree = "<group>";
		};
		BA01B0E622A6983300B1FFBB /* Landmarks */ = {
			isa = PBXGroup;
			children = (
				BA01B0E722A6983300B1FFBB /* AppDelegate.swift */,
				BA01B0E922A6983300B1FFBB /* SceneDelegate.swift */,
				BA01B0EB22A6983300B1FFBB /* LandmarkDetail.swift */,
				BA86FBAC22C198480025BBD0 /* Badge.swift */,
				BA86FBAE22C1A0160025BBD0 /* BadgeBackground.swift */,
				BA86FBAA22C198200025BBD0 /* HexagonParameters.swift */,
				BA41333E22ADD7A2000B13FD /* LandmarkRow.swift */,
				BADFB55922B5274200452A48 /* LandmarkList.swift */,
				BA01B0ED22A6983400B1FFBB /* Assets.xcassets */,
				BA01B0F222A6983400B1FFBB /* LaunchScreen.storyboard */,
				BA01B0F522A6983400B1FFBB /* Info.plist */,
				BA01B0EF22A6983400B1FFBB /* Preview Content */,
			);
			path = Landmarks;
			sourceTree = "<group>";
		};
		BA01B0EF22A6983400B1FFBB /* Preview Content */ = {
			isa = PBXGroup;
			children = (
				BA01B0F022A6983400B1FFBB /* Preview Assets.xcassets */,
			);
			path = "Preview Content";
			sourceTree = "<group>";
		};
		BA01B0FD22A6983500B1FFBB /* LandmarksTests */ = {
			isa = PBXGroup;
			children = (
				BA01B0FE22A6983500B1FFBB /* LandmarksTests.swift */,
				BA01B10022A6983500B1FFBB /* Info.plist */,
			);
			path = LandmarksTests;
			sourceTree = "<group>";
		};
		BA01B10822A6983500B1FFBB /* LandmarksUITests */ = {
			isa = PBXGroup;
			children = (
				BA01B10922A6983500B1FFBB /* LandmarksUITests.swift */,
				BA01B10B22A6983500B1FFBB /* Info.plist */,
			);
			path = LandmarksUITests;
			sourceTree = "<group>";
		};
		BA41332222A9C554000B13FD /* Resources */ = {
			isa = PBXGroup;
			children = (
				BAF5442822A9770300D42D4A /* landmarkData.json */,
				BA41332622A9C584000B13FD /* chilkoottrail.jpg */,
				BA41332C22A9C584000B13FD /* chincoteague.jpg */,
				BA41332A22A9C584000B13FD /* hiddenlake.jpg */,
				BA41332B22A9C584000B13FD /* icybay.jpg */,
				BA41332922A9C584000B13FD /* lakemcdonald.jpg */,
				BA41332E22A9C585000B13FD /* rainbowlake.jpg */,
				BA41332522A9C584000B13FD /* silversalmoncreek.jpg */,
				BA41332822A9C584000B13FD /* stmarylake.jpg */,
				BA41332322A9C583000B13FD /* turtlerock.jpg */,
				BA41332422A9C583000B13FD /* twinlake.jpg */,
				BA41332D22A9C585000B13FD /* umbagog.jpg */,
				BA05571122BAE24200E51F3C /* charleyrivers.jpg */,
			);
			path = Resources;
			sourceTree = "<group>";
		};
		BA41333D22A9C731000B13FD /* Models */ = {
			isa = PBXGroup;
			children = (
				BAF5442622A974DF00D42D4A /* Landmark.swift */,
				BA41333B22A9C683000B13FD /* Data.swift */,
				BA8C1D2222BD78BB005D9662 /* UserData.swift */,
			);
			path = Models;
			sourceTree = "<group>";
		};
		BADFB55B22B8050700452A48 /* Supporting Views */ = {
			isa = PBXGroup;
			children = (
				BA01B11722A69EA300B1FFBB /* CircleImage.swift */,
				BA01B11922A6A14A00B1FFBB /* MapView.swift */,
			);
			path = "Supporting Views";
			sourceTree = "<group>";
		};
/* End PBXGroup section */

/* Begin PBXNativeTarget section */
		BA01B0E322A6983300B1FFBB /* Landmarks */ = {
			isa = PBXNativeTarget;
			buildConfigurationList = BA01B10E22A6983500B1FFBB /* Build configuration list for PBXNativeTarget "Landmarks" */;
			buildPhases = (
				BA01B0E022A6983300B1FFBB /* Sources */,
				BA01B0E122A6983300B1FFBB /* Frameworks */,
				BA01B0E222A6983300B1FFBB /* Resources */,
			);
			buildRules = (
			);
			dependencies = (
			);
			name = Landmarks;
			productName = Landmarks;
			productReference = BA01B0E422A6983300B1FFBB /* Landmarks.app */;
			productType = "com.apple.product-type.application";
		};
		BA01B0F922A6983500B1FFBB /* LandmarksTests */ = {
			isa = PBXNativeTarget;
			buildConfigurationList = BA01B11122A6983500B1FFBB /* Build configuration list for PBXNativeTarget "LandmarksTests" */;
			buildPhases = (
				BA01B0F622A6983500B1FFBB /* Sources */,
				BA01B0F722A6983500B1FFBB /* Frameworks */,
				BA01B0F822A6983500B1FFBB /* Resources */,
			);
			buildRules = (
			);
			dependencies = (
				BA01B0FC22A6983500B1FFBB /* PBXTargetDependency */,
			);
			name = LandmarksTests;
			productName = LandmarksTests;
			productReference = BA01B0FA22A6983500B1FFBB /* LandmarksTests.xctest */;
			productType = "com.apple.product-type.bundle.unit-test";
		};
		BA01B10422A6983500B1FFBB /* LandmarksUITests */ = {
			isa = PBXNativeTarget;
			buildConfigurationList = BA01B11422A6983500B1FFBB /* Build configuration list for PBXNativeTarget "LandmarksUITests" */;
			buildPhases = (
				BA01B10122A6983500B1FFBB /* Sources */,
				BA01B10222A6983500B1FFBB /* Frameworks */,
				BA01B10322A6983500B1FFBB /* Resources */,
			);
			buildRules = (
			);
			dependencies = (
				BA01B10722A6983500B1FFBB /* PBXTargetDependency */,
			);
			name = LandmarksUITests;
			productName = LandmarksUITests;
			productReference = BA01B10522A6983500B1FFBB /* LandmarksUITests.xctest */;
			productType = "com.apple.product-type.bundle.ui-testing";
		};
/* End PBXNativeTarget section */

/* Begin PBXProject section */
		BA01B0DC22A6983300B1FFBB /* Project object */ = {
			isa = PBXProject;
			attributes = {
				LastSwiftUpdateCheck = 1100;
				LastUpgradeCheck = 1100;
				ORGANIZATIONNAME = "TwoTwenty8 LLC";
				TargetAttributes = {
					BA01B0E322A6983300B1FFBB = {
						CreatedOnToolsVersion = 11.0;
					};
					BA01B0F922A6983500B1FFBB = {
						CreatedOnToolsVersion = 11.0;
						TestTargetID = BA01B0E322A6983300B1FFBB;
					};
					BA01B10422A6983500B1FFBB = {
						CreatedOnToolsVersion = 11.0;
						TestTargetID = BA01B0E322A6983300B1FFBB;
					};
				};
			};
			buildConfigurationList = BA01B0DF22A6983300B1FFBB /* Build configuration list for PBXProject "Landmarks" */;
			compatibilityVersion = "Xcode 9.3";
			developmentRegion = en;
			hasScannedForEncodings = 0;
			knownRegions = (
				en,
				Base,
			);
			mainGroup = BA01B0DB22A6983300B1FFBB;
			productRefGroup = BA01B0E522A6983300B1FFBB /* Products */;
			projectDirPath = "";
			projectRoot = "";
			targets = (
				BA01B0E322A6983300B1FFBB /* Landmarks */,
				BA01B0F922A6983500B1FFBB /* LandmarksTests */,
				BA01B10422A6983500B1FFBB /* LandmarksUITests */,
			);
		};
/* End PBXProject section */

/* Begin PBXResourcesBuildPhase section */
		BA01B0E222A6983300B1FFBB /* Resources */ = {
			isa = PBXResourcesBuildPhase;
			buildActionMask = 2147483647;
			files = (
				BA41333022A9C585000B13FD /* twinlake.jpg in Resources */,
				BA41333222A9C585000B13FD /* chilkoottrail.jpg in Resources */,
				BA41333722A9C585000B13FD /* icybay.jpg in Resources */,
				BA01B0F422A6983400B1FFBB /* LaunchScreen.storyboard in Resources */,
				BAF5442922A9770300D42D4A /* landmarkData.json in Resources */,
				BA01B0F122A6983400B1FFBB /* Preview Assets.xcassets in Resources */,
				BA05571222BAE24300E51F3C /* charleyrivers.jpg in Resources */,
				BA41333422A9C585000B13FD /* stmarylake.jpg in Resources */,
				BA41333522A9C585000B13FD /* lakemcdonald.jpg in Resources */,
				BA41333922A9C585000B13FD /* umbagog.jpg in Resources */,
				BA41333122A9C585000B13FD /* silversalmoncreek.jpg in Resources */,
				BA41333822A9C585000B13FD /* chincoteague.jpg in Resources */,
				BA01B0EE22A6983400B1FFBB /* Assets.xcassets in Resources */,
				BA41333A22A9C585000B13FD /* rainbowlake.jpg in Resources */,
				BA41333622A9C585000B13FD /* hiddenlake.jpg in Resources */,
				BA41332F22A9C585000B13FD /* turtlerock.jpg in Resources */,
			);
			runOnlyForDeploymentPostprocessing = 0;
		};
		BA01B0F822A6983500B1FFBB /* Resources */ = {
			isa = PBXResourcesBuildPhase;
			buildActionMask = 2147483647;
			files = (
			);
			runOnlyForDeploymentPostprocessing = 0;
		};
		BA01B10322A6983500B1FFBB /* Resources */ = {
			isa = PBXResourcesBuildPhase;
			buildActionMask = 2147483647;
			files = (
			);
			runOnlyForDeploymentPostprocessing = 0;
		};
/* End PBXResourcesBuildPhase section */

/* Begin PBXSourcesBuildPhase section */
		BA01B0E022A6983300B1FFBB /* Sources */ = {
			isa = PBXSourcesBuildPhase;
			buildActionMask = 2147483647;
			files = (
				BA41333C22A9C683000B13FD /* Data.swift in Sources */,
				BA86FBAD22C198480025BBD0 /* Badge.swift in Sources */,
				BA01B0E822A6983300B1FFBB /* AppDelegate.swift in Sources */,
				BA01B11822A69EA300B1FFBB /* CircleImage.swift in Sources */,
				BA01B11A22A6A14A00B1FFBB /* MapView.swift in Sources */,
				BA86FBAB22C198200025BBD0 /* HexagonParameters.swift in Sources */,
				BADFB55A22B5274200452A48 /* LandmarkList.swift in Sources */,
				BA86FBB122C1A0AD0025BBD0 /* BadgeSymbol.swift in Sources */,
				BAA1D88922C412FA00F8BED0 /* RotatedBadgeSymbol.swift in Sources */,
				BA01B0EA22A6983300B1FFBB /* SceneDelegate.swift in Sources */,
				BA86FBAF22C1A0160025BBD0 /* BadgeBackground.swift in Sources */,
				BA01B0EC22A6983300B1FFBB /* LandmarkDetail.swift in Sources */,
				BA41333F22ADD7A2000B13FD /* LandmarkRow.swift in Sources */,
				BA8C1D2322BD78BB005D9662 /* UserData.swift in Sources */,
				BAF5442722A974DF00D42D4A /* Landmark.swift in Sources */,
			);
			runOnlyForDeploymentPostprocessing = 0;
		};
		BA01B0F622A6983500B1FFBB /* Sources */ = {
			isa = PBXSourcesBuildPhase;
			buildActionMask = 2147483647;
			files = (
				BA01B0FF22A6983500B1FFBB /* LandmarksTests.swift in Sources */,
			);
			runOnlyForDeploymentPostprocessing = 0;
		};
		BA01B10122A6983500B1FFBB /* Sources */ = {
			isa = PBXSourcesBuildPhase;
			buildActionMask = 2147483647;
			files = (
				BA01B10A22A6983500B1FFBB /* LandmarksUITests.swift in Sources */,
			);
			runOnlyForDeploymentPostprocessing = 0;
		};
/* End PBXSourcesBuildPhase section */

/* Begin PBXTargetDependency section */
		BA01B0FC22A6983500B1FFBB /* PBXTargetDependency */ = {
			isa = PBXTargetDependency;
			target = BA01B0E322A6983300B1FFBB /* Landmarks */;
			targetProxy = BA01B0FB22A6983500B1FFBB /* PBXContainerItemProxy */;
		};
		BA01B10722A6983500B1FFBB /* PBXTargetDependency */ = {
			isa = PBXTargetDependency;
			target = BA01B0E322A6983300B1FFBB /* Landmarks */;
			targetProxy = BA01B10622A6983500B1FFBB /* PBXContainerItemProxy */;
		};
/* End PBXTargetDependency section */

/* Begin PBXVariantGroup section */
		BA01B0F222A6983400B1FFBB /* LaunchScreen.storyboard */ = {
			isa = PBXVariantGroup;
			children = (
				BA01B0F322A6983400B1FFBB /* Base */,
			);
			name = LaunchScreen.storyboard;
			sourceTree = "<group>";
		};
/* End PBXVariantGroup section */

/* Begin XCBuildConfiguration section */
		BA01B10C22A6983500B1FFBB /* Debug */ = {
			isa = XCBuildConfiguration;
			buildSettings = {
				ALWAYS_SEARCH_USER_PATHS = NO;
				CLANG_ANALYZER_NONNULL = YES;
				CLANG_ANALYZER_NUMBER_OBJECT_CONVERSION = YES_AGGRESSIVE;
				CLANG_CXX_LANGUAGE_STANDARD = "gnu++14";
				CLANG_CXX_LIBRARY = "libc++";
				CLANG_ENABLE_MODULES = YES;
				CLANG_ENABLE_OBJC_ARC = YES;
				CLANG_ENABLE_OBJC_WEAK = YES;
				CLANG_WARN_BLOCK_CAPTURE_AUTORELEASING = YES;
				CLANG_WARN_BOOL_CONVERSION = YES;
				CLANG_WARN_COMMA = YES;
				CLANG_WARN_CONSTANT_CONVERSION = YES;
				CLANG_WARN_DEPRECATED_OBJC_IMPLEMENTATIONS = YES;
				CLANG_WARN_DIRECT_OBJC_ISA_USAGE = YES_ERROR;
				CLANG_WARN_DOCUMENTATION_COMMENTS = YES;
				CLANG_WARN_EMPTY_BODY = YES;
				CLANG_WARN_ENUM_CONVERSION = YES;
				CLANG_WARN_INFINITE_RECURSION = YES;
				CLANG_WARN_INT_CONVERSION = YES;
				CLANG_WARN_NON_LITERAL_NULL_CONVERSION = YES;
				CLANG_WARN_OBJC_IMPLICIT_RETAIN_SELF = YES;
				CLANG_WARN_OBJC_LITERAL_CONVERSION = YES;
				CLANG_WARN_OBJC_ROOT_CLASS = YES_ERROR;
				CLANG_WARN_RANGE_LOOP_ANALYSIS = YES;
				CLANG_WARN_STRICT_PROTOTYPES = YES;
				CLANG_WARN_SUSPICIOUS_MOVE = YES;
				CLANG_WARN_UNGUARDED_AVAILABILITY = YES_AGGRESSIVE;
				CLANG_WARN_UNREACHABLE_CODE = YES;
				CLANG_WARN__DUPLICATE_METHOD_MATCH = YES;
				COPY_PHASE_STRIP = NO;
				DEBUG_INFORMATION_FORMAT = dwarf;
				ENABLE_STRICT_OBJC_MSGSEND = YES;
				ENABLE_TESTABILITY = YES;
				GCC_C_LANGUAGE_STANDARD = gnu11;
				GCC_DYNAMIC_NO_PIC = NO;
				GCC_NO_COMMON_BLOCKS = YES;
				GCC_OPTIMIZATION_LEVEL = 0;
				GCC_PREPROCESSOR_DEFINITIONS = (
					"DEBUG=1",
					"$(inherited)",
				);
				GCC_WARN_64_TO_32_BIT_CONVERSION = YES;
				GCC_WARN_ABOUT_RETURN_TYPE = YES_ERROR;
				GCC_WARN_UNDECLARED_SELECTOR = YES;
				GCC_WARN_UNINITIALIZED_AUTOS = YES_AGGRESSIVE;
				GCC_WARN_UNUSED_FUNCTION = YES;
				GCC_WARN_UNUSED_VARIABLE = YES;
				IPHONEOS_DEPLOYMENT_TARGET = 13.0;
				MTL_ENABLE_DEBUG_INFO = INCLUDE_SOURCE;
				MTL_FAST_MATH = YES;
				ONLY_ACTIVE_ARCH = YES;
				SDKROOT = iphoneos;
				SWIFT_ACTIVE_COMPILATION_CONDITIONS = DEBUG;
				SWIFT_OPTIMIZATION_LEVEL = "-Onone";
			};
			name = Debug;
		};
		BA01B10D22A6983500B1FFBB /* Release */ = {
			isa = XCBuildConfiguration;
			buildSettings = {
				ALWAYS_SEARCH_USER_PATHS = NO;
				CLANG_ANALYZER_NONNULL = YES;
				CLANG_ANALYZER_NUMBER_OBJECT_CONVERSION = YES_AGGRESSIVE;
				CLANG_CXX_LANGUAGE_STANDARD = "gnu++14";
				CLANG_CXX_LIBRARY = "libc++";
				CLANG_ENABLE_MODULES = YES;
				CLANG_ENABLE_OBJC_ARC = YES;
				CLANG_ENABLE_OBJC_WEAK = YES;
				CLANG_WARN_BLOCK_CAPTURE_AUTORELEASING = YES;
				CLANG_WARN_BOOL_CONVERSION = YES;
				CLANG_WARN_COMMA = YES;
				CLANG_WARN_CONSTANT_CONVERSION = YES;
				CLANG_WARN_DEPRECATED_OBJC_IMPLEMENTATIONS = YES;
				CLANG_WARN_DIRECT_OBJC_ISA_USAGE = YES_ERROR;
				CLANG_WARN_DOCUMENTATION_COMMENTS = YES;
				CLANG_WARN_EMPTY_BODY = YES;
				CLANG_WARN_ENUM_CONVERSION = YES;
				CLANG_WARN_INFINITE_RECURSION = YES;
				CLANG_WARN_INT_CONVERSION = YES;
				CLANG_WARN_NON_LITERAL_NULL_CONVERSION = YES;
				CLANG_WARN_OBJC_IMPLICIT_RETAIN_SELF = YES;
				CLANG_WARN_OBJC_LITERAL_CONVERSION = YES;
				CLANG_WARN_OBJC_ROOT_CLASS = YES_ERROR;
				CLANG_WARN_RANGE_LOOP_ANALYSIS = YES;
				CLANG_WARN_STRICT_PROTOTYPES = YES;
				CLANG_WARN_SUSPICIOUS_MOVE = YES;
				CLANG_WARN_UNGUARDED_AVAILABILITY = YES_AGGRESSIVE;
				CLANG_WARN_UNREACHABLE_CODE = YES;
				CLANG_WARN__DUPLICATE_METHOD_MATCH = YES;
				COPY_PHASE_STRIP = NO;
				DEBUG_INFORMATION_FORMAT = "dwarf-with-dsym";
				ENABLE_NS_ASSERTIONS = NO;
				ENABLE_STRICT_OBJC_MSGSEND = YES;
				GCC_C_LANGUAGE_STANDARD = gnu11;
				GCC_NO_COMMON_BLOCKS = YES;
				GCC_WARN_64_TO_32_BIT_CONVERSION = YES;
				GCC_WARN_ABOUT_RETURN_TYPE = YES_ERROR;
				GCC_WARN_UNDECLARED_SELECTOR = YES;
				GCC_WARN_UNINITIALIZED_AUTOS = YES_AGGRESSIVE;
				GCC_WARN_UNUSED_FUNCTION = YES;
				GCC_WARN_UNUSED_VARIABLE = YES;
				IPHONEOS_DEPLOYMENT_TARGET = 13.0;
				MTL_ENABLE_DEBUG_INFO = NO;
				MTL_FAST_MATH = YES;
				SDKROOT = iphoneos;
				SWIFT_COMPILATION_MODE = wholemodule;
				SWIFT_OPTIMIZATION_LEVEL = "-O";
				VALIDATE_PRODUCT = YES;
			};
			name = Release;
		};
		BA01B10F22A6983500B1FFBB /* Debug */ = {
			isa = XCBuildConfiguration;
			buildSettings = {
				ASSETCATALOG_COMPILER_APPICON_NAME = AppIcon;
				CODE_SIGN_STYLE = Automatic;
				DEVELOPMENT_ASSET_PATHS = "Landmarks/Preview\\ Content";
				DEVELOPMENT_TEAM = BR4H78C3XC;
				ENABLE_PREVIEWS = YES;
				INFOPLIST_FILE = Landmarks/Info.plist;
				LD_RUNPATH_SEARCH_PATHS = (
					"$(inherited)",
					"@executable_path/Frameworks",
				);
				PRODUCT_BUNDLE_IDENTIFIER = com.patrickBellot.Landmarks;
				PRODUCT_NAME = "$(TARGET_NAME)";
				SWIFT_VERSION = 5.0;
				TARGETED_DEVICE_FAMILY = "1,2";
			};
			name = Debug;
		};
		BA01B11022A6983500B1FFBB /* Release */ = {
			isa = XCBuildConfiguration;
			buildSettings = {
				ASSETCATALOG_COMPILER_APPICON_NAME = AppIcon;
				CODE_SIGN_STYLE = Automatic;
				DEVELOPMENT_ASSET_PATHS = "Landmarks/Preview\\ Content";
				DEVELOPMENT_TEAM = BR4H78C3XC;
				ENABLE_PREVIEWS = YES;
				INFOPLIST_FILE = Landmarks/Info.plist;
				LD_RUNPATH_SEARCH_PATHS = (
					"$(inherited)",
					"@executable_path/Frameworks",
				);
				PRODUCT_BUNDLE_IDENTIFIER = com.patrickBellot.Landmarks;
				PRODUCT_NAME = "$(TARGET_NAME)";
				SWIFT_VERSION = 5.0;
				TARGETED_DEVICE_FAMILY = "1,2";
			};
			name = Release;
		};
		BA01B11222A6983500B1FFBB /* Debug */ = {
			isa = XCBuildConfiguration;
			buildSettings = {
				ALWAYS_EMBED_SWIFT_STANDARD_LIBRARIES = YES;
				BUNDLE_LOADER = "$(TEST_HOST)";
				CODE_SIGN_STYLE = Automatic;
				DEVELOPMENT_TEAM = BR4H78C3XC;
				INFOPLIST_FILE = LandmarksTests/Info.plist;
				LD_RUNPATH_SEARCH_PATHS = (
					"$(inherited)",
					"@executable_path/Frameworks",
					"@loader_path/Frameworks",
				);
				PRODUCT_BUNDLE_IDENTIFIER = com.patrickBellot.LandmarksTests;
				PRODUCT_NAME = "$(TARGET_NAME)";
				SWIFT_VERSION = 5.0;
				TARGETED_DEVICE_FAMILY = "1,2";
				TEST_HOST = "$(BUILT_PRODUCTS_DIR)/Landmarks.app/Landmarks";
			};
			name = Debug;
		};
		BA01B11322A6983500B1FFBB /* Release */ = {
			isa = XCBuildConfiguration;
			buildSettings = {
				ALWAYS_EMBED_SWIFT_STANDARD_LIBRARIES = YES;
				BUNDLE_LOADER = "$(TEST_HOST)";
				CODE_SIGN_STYLE = Automatic;
				DEVELOPMENT_TEAM = BR4H78C3XC;
				INFOPLIST_FILE = LandmarksTests/Info.plist;
				LD_RUNPATH_SEARCH_PATHS = (
					"$(inherited)",
					"@executable_path/Frameworks",
					"@loader_path/Frameworks",
				);
				PRODUCT_BUNDLE_IDENTIFIER = com.patrickBellot.LandmarksTests;
				PRODUCT_NAME = "$(TARGET_NAME)";
				SWIFT_VERSION = 5.0;
				TARGETED_DEVICE_FAMILY = "1,2";
				TEST_HOST = "$(BUILT_PRODUCTS_DIR)/Landmarks.app/Landmarks";
			};
			name = Release;
		};
		BA01B11522A6983500B1FFBB /* Debug */ = {
			isa = XCBuildConfiguration;
			buildSettings = {
				ALWAYS_EMBED_SWIFT_STANDARD_LIBRARIES = YES;
				CODE_SIGN_STYLE = Automatic;
				DEVELOPMENT_TEAM = BR4H78C3XC;
				INFOPLIST_FILE = LandmarksUITests/Info.plist;
				LD_RUNPATH_SEARCH_PATHS = (
					"$(inherited)",
					"@executable_path/Frameworks",
					"@loader_path/Frameworks",
				);
				PRODUCT_BUNDLE_IDENTIFIER = com.patrickBellot.LandmarksUITests;
				PRODUCT_NAME = "$(TARGET_NAME)";
				SWIFT_VERSION = 5.0;
				TARGETED_DEVICE_FAMILY = "1,2";
				TEST_TARGET_NAME = Landmarks;
			};
			name = Debug;
		};
		BA01B11622A6983500B1FFBB /* Release */ = {
			isa = XCBuildConfiguration;
			buildSettings = {
				ALWAYS_EMBED_SWIFT_STANDARD_LIBRARIES = YES;
				CODE_SIGN_STYLE = Automatic;
				DEVELOPMENT_TEAM = BR4H78C3XC;
				INFOPLIST_FILE = LandmarksUITests/Info.plist;
				LD_RUNPATH_SEARCH_PATHS = (
					"$(inherited)",
					"@executable_path/Frameworks",
					"@loader_path/Frameworks",
				);
				PRODUCT_BUNDLE_IDENTIFIER = com.patrickBellot.LandmarksUITests;
				PRODUCT_NAME = "$(TARGET_NAME)";
				SWIFT_VERSION = 5.0;
				TARGETED_DEVICE_FAMILY = "1,2";
				TEST_TARGET_NAME = Landmarks;
			};
			name = Release;
		};
/* End XCBuildConfiguration section */

/* Begin XCConfigurationList section */
		BA01B0DF22A6983300B1FFBB /* Build configuration list for PBXProject "Landmarks" */ = {
			isa = XCConfigurationList;
			buildConfigurations = (
				BA01B10C22A6983500B1FFBB /* Debug */,
				BA01B10D22A6983500B1FFBB /* Release */,
			);
			defaultConfigurationIsVisible = 0;
			defaultConfigurationName = Release;
		};
		BA01B10E22A6983500B1FFBB /* Build configuration list for PBXNativeTarget "Landmarks" */ = {
			isa = XCConfigurationList;
			buildConfigurations = (
				BA01B10F22A6983500B1FFBB /* Debug */,
				BA01B11022A6983500B1FFBB /* Release */,
			);
			defaultConfigurationIsVisible = 0;
			defaultConfigurationName = Release;
		};
		BA01B11122A6983500B1FFBB /* Build configuration list for PBXNativeTarget "LandmarksTests" */ = {
			isa = XCConfigurationList;
			buildConfigurations = (
				BA01B11222A6983500B1FFBB /* Debug */,
				BA01B11322A6983500B1FFBB /* Release */,
			);
			defaultConfigurationIsVisible = 0;
			defaultConfigurationName = Release;
		};
		BA01B11422A6983500B1FFBB /* Build configuration list for PBXNativeTarget "LandmarksUITests" */ = {
			isa = XCConfigurationList;
			buildConfigurations = (
				BA01B11522A6983500B1FFBB /* Debug */,
				BA01B11622A6983500B1FFBB /* Release */,
			);
			defaultConfigurationIsVisible = 0;
			defaultConfigurationName = Release;
		};
/* End XCConfigurationList section */
	};
	rootObject = BA01B0DC22A6983300B1FFBB /* Project object */;
}
